
Microsoft Visual Studio Solution File, Format Version 12.00
# Visual Studio Version 17
VisualStudioVersion = 17.9.34714.143
MinimumVisualStudioVersion = 10.0.40219.1
Project("{9092AA53-FB77-4645-B42D-1CCCA6BD08BD}") = "iot_map", "iot_map.njsproj", "{A256317A-4840-4886-A76F-C2B371D2E541}"
EndProject
Global
	GlobalSection(SolutionConfigurationPlatforms) = preSolution
		Debug|Any CPU = Debug|Any CPU
		Release|Any CPU = Release|Any CPU
	EndGlobalSection
	GlobalSection(ProjectConfigurationPlatforms) = postSolution
		{A256317A-4840-4886-A76F-C2B371D2E541}.Debug|Any CPU.ActiveCfg = Debug|Any CPU
		{A256317A-4840-4886-A76F-C2B371D2E541}.Debug|Any CPU.Build.0 = Debug|Any CPU
		{A256317A-4840-4886-A76F-C2B371D2E541}.Release|Any CPU.ActiveCfg = Release|Any CPU
		{A256317A-4840-4886-A76F-C2B371D2E541}.Release|Any CPU.Build.0 = Release|Any CPU
	EndGlobalSection
	GlobalSection(SolutionProperties) = preSolution
		HideSolutionNode = FALSE
	EndGlobalSection
	GlobalSection(ExtensibilityGlobals) = postSolution
		SolutionGuid = {BE220844-2C61-4716-9FE7-292EED8942FD}
	EndGlobalSection
EndGlobal
